// !$*UTF8*$!
{
	archiveVersion = 1;
	classes = {
	};
	objectVersion = 50;
	objects = {

/* Begin PBXBuildFile section */
		4735FE0E2174C2DB008D2980 /* AppDelegate.swift in Sources */ = {isa = PBXBuildFile; fileRef = 4735FE0D2174C2DB008D2980 /* AppDelegate.swift */; };
		4735FE132174C2DB008D2980 /* Main.storyboard in Resources */ = {isa = PBXBuildFile; fileRef = 4735FE112174C2DB008D2980 /* Main.storyboard */; };
		4735FE162174C2DB008D2980 /* MyMessenger.xcdatamodeld in Sources */ = {isa = PBXBuildFile; fileRef = 4735FE142174C2DB008D2980 /* MyMessenger.xcdatamodeld */; };
		4735FE182174C2DD008D2980 /* Assets.xcassets in Resources */ = {isa = PBXBuildFile; fileRef = 4735FE172174C2DD008D2980 /* Assets.xcassets */; };
		4735FE1B2174C2DD008D2980 /* LaunchScreen.storyboard in Resources */ = {isa = PBXBuildFile; fileRef = 4735FE192174C2DD008D2980 /* LaunchScreen.storyboard */; };
		4735FE232174C555008D2980 /* FriendsViewController.swift in Sources */ = {isa = PBXBuildFile; fileRef = 4735FE222174C555008D2980 /* FriendsViewController.swift */; };
		4735FE252174C588008D2980 /* FriendsControllerHelper.swift in Sources */ = {isa = PBXBuildFile; fileRef = 4735FE242174C588008D2980 /* FriendsControllerHelper.swift */; };
		477A63652175BCFC00C23E97 /* ChatLogController.swift in Sources */ = {isa = PBXBuildFile; fileRef = 477A63642175BCFC00C23E97 /* ChatLogController.swift */; };
/* End PBXBuildFile section */

/* Begin PBXFileReference section */
		4735FE0A2174C2DB008D2980 /* MyMessenger.app */ = {isa = PBXFileReference; explicitFileType = wrapper.application; includeInIndex = 0; path = MyMessenger.app; sourceTree = BUILT_PRODUCTS_DIR; };
		4735FE0D2174C2DB008D2980 /* AppDelegate.swift */ = {isa = PBXFileReference; lastKnownFileType = sourcecode.swift; path = AppDelegate.swift; sourceTree = "<group>"; };
		4735FE122174C2DB008D2980 /* Base */ = {isa = PBXFileReference; lastKnownFileType = file.storyboard; name = Base; path = Base.lproj/Main.storyboard; sourceTree = "<group>"; };
		4735FE152174C2DB008D2980 /* MyMessenger.xcdatamodel */ = {isa = PBXFileReference; lastKnownFileType = wrapper.xcdatamodel; path = MyMessenger.xcdatamodel; sourceTree = "<group>"; };
		4735FE172174C2DD008D2980 /* Assets.xcassets */ = {isa = PBXFileReference; lastKnownFileType = folder.assetcatalog; path = Assets.xcassets; sourceTree = "<group>"; };
		4735FE1A2174C2DD008D2980 /* Base */ = {isa = PBXFileReference; lastKnownFileType = file.storyboard; name = Base; path = Base.lproj/LaunchScreen.storyboard; sourceTree = "<group>"; };
		4735FE1C2174C2DD008D2980 /* Info.plist */ = {isa = PBXFileReference; lastKnownFileType = text.plist.xml; path = Info.plist; sourceTree = "<group>"; };
		4735FE222174C555008D2980 /* FriendsViewController.swift */ = {isa = PBXFileReference; lastKnownFileType = sourcecode.swift; path = FriendsViewController.swift; sourceTree = "<group>"; };
		4735FE242174C588008D2980 /* FriendsControllerHelper.swift */ = {isa = PBXFileReference; lastKnownFileType = sourcecode.swift; path = FriendsControllerHelper.swift; sourceTree = "<group>"; };
		477A635A217598FC00C23E97 /* Friend+CoreDataClass.swift */ = {isa = PBXFileReference; lastKnownFileType = sourcecode.swift; path = "Friend+CoreDataClass.swift"; sourceTree = "<group>"; };
		477A635B217598FC00C23E97 /* Friend+CoreDataProperties.swift */ = {isa = PBXFileReference; lastKnownFileType = sourcecode.swift; path = "Friend+CoreDataProperties.swift"; sourceTree = "<group>"; };
		477A635C217598FC00C23E97 /* Message+CoreDataClass.swift */ = {isa = PBXFileReference; lastKnownFileType = sourcecode.swift; path = "Message+CoreDataClass.swift"; sourceTree = "<group>"; };
		477A635D217598FC00C23E97 /* Message+CoreDataProperties.swift */ = {isa = PBXFileReference; lastKnownFileType = sourcecode.swift; path = "Message+CoreDataProperties.swift"; sourceTree = "<group>"; };
		477A63642175BCFC00C23E97 /* ChatLogController.swift */ = {isa = PBXFileReference; lastKnownFileType = sourcecode.swift; path = ChatLogController.swift; sourceTree = "<group>"; };
/* End PBXFileReference section */

/* Begin PBXFrameworksBuildPhase section */
		4735FE072174C2DB008D2980 /* Frameworks */ = {
			isa = PBXFrameworksBuildPhase;
			buildActionMask = 2147483647;
			files = (
			);
			runOnlyForDeploymentPostprocessing = 0;
		};
/* End PBXFrameworksBuildPhase section */

/* Begin PBXGroup section */
		4735FE012174C2DA008D2980 = {
			isa = PBXGroup;
			children = (
				4735FE0C2174C2DB008D2980 /* MyMessenger */,
				4735FE0B2174C2DB008D2980 /* Products */,
			);
			sourceTree = "<group>";
		};
		4735FE0B2174C2DB008D2980 /* Products */ = {
			isa = PBXGroup;
			children = (
				4735FE0A2174C2DB008D2980 /* MyMessenger.app */,
			);
			name = Products;
			sourceTree = "<group>";
		};
		4735FE0C2174C2DB008D2980 /* MyMessenger */ = {
			isa = PBXGroup;
			children = (
				477A635A217598FC00C23E97 /* Friend+CoreDataClass.swift */,
				477A635B217598FC00C23E97 /* Friend+CoreDataProperties.swift */,
				477A635C217598FC00C23E97 /* Message+CoreDataClass.swift */,
				477A635D217598FC00C23E97 /* Message+CoreDataProperties.swift */,
				4735FE0D2174C2DB008D2980 /* AppDelegate.swift */,
				4735FE112174C2DB008D2980 /* Main.storyboard */,
				4735FE172174C2DD008D2980 /* Assets.xcassets */,
				4735FE192174C2DD008D2980 /* LaunchScreen.storyboard */,
				4735FE1C2174C2DD008D2980 /* Info.plist */,
				4735FE142174C2DB008D2980 /* MyMessenger.xcdatamodeld */,
				4735FE222174C555008D2980 /* FriendsViewController.swift */,
				4735FE242174C588008D2980 /* FriendsControllerHelper.swift */,
				477A63642175BCFC00C23E97 /* ChatLogController.swift */,
			);
			path = MyMessenger;
			sourceTree = "<group>";
		};
/* End PBXGroup section */

/* Begin PBXNativeTarget section */
		4735FE092174C2DB008D2980 /* MyMessenger */ = {
			isa = PBXNativeTarget;
			buildConfigurationList = 4735FE1F2174C2DD008D2980 /* Build configuration list for PBXNativeTarget "MyMessenger" */;
			buildPhases = (
				4735FE062174C2DB008D2980 /* Sources */,
				4735FE072174C2DB008D2980 /* Frameworks */,
				4735FE082174C2DB008D2980 /* Resources */,
			);
			buildRules = (
			);
			dependencies = (
			);
			name = MyMessenger;
			productName = MyMessenger;
			productReference = 4735FE0A2174C2DB008D2980 /* MyMessenger.app */;
			productType = "com.apple.product-type.application";
		};
/* End PBXNativeTarget section */

/* Begin PBXProject section */
		4735FE022174C2DA008D2980 /* Project object */ = {
			isa = PBXProject;
			attributes = {
				LastSwiftUpdateCheck = 1000;
				LastUpgradeCheck = 1000;
				ORGANIZATIONNAME = Manikanta;
				TargetAttributes = {
					4735FE092174C2DB008D2980 = {
						CreatedOnToolsVersion = 10.0;
					};
				};
			};
			buildConfigurationList = 4735FE052174C2DA008D2980 /* Build configuration list for PBXProject "MyMessenger" */;
			compatibilityVersion = "Xcode 9.3";
			developmentRegion = en;
			hasScannedForEncodings = 0;
			knownRegions = (
				en,
				Base,
			);
			mainGroup = 4735FE012174C2DA008D2980;
			productRefGroup = 4735FE0B2174C2DB008D2980 /* Products */;
			projectDirPath = "";
			projectRoot = "";
			targets = (
				4735FE092174C2DB008D2980 /* MyMessenger */,
			);
		};
/* End PBXProject section */

/* Begin PBXResourcesBuildPhase section */
		4735FE082174C2DB008D2980 /* Resources */ = {
			isa = PBXResourcesBuildPhase;
			buildActionMask = 2147483647;
			files = (
				4735FE1B2174C2DD008D2980 /* LaunchScreen.storyboard in Resources */,
				4735FE182174C2DD008D2980 /* Assets.xcassets in Resources */,
				4735FE132174C2DB008D2980 /* Main.storyboard in Resources */,
			);
			runOnlyForDeploymentPostprocessing = 0;
		};
/* End PBXResourcesBuildPhase section */

/* Begin PBXSourcesBuildPhase section */
		4735FE062174C2DB008D2980 /* Sources */ = {
			isa = PBXSourcesBuildPhase;
			buildActionMask = 2147483647;
			files = (
				477A63652175BCFC00C23E97 /* ChatLogController.swift in Sources */,
				4735FE232174C555008D2980 /* FriendsViewController.swift in Sources */,
				4735FE0E2174C2DB008D2980 /* AppDelegate.swift in Sources */,
				4735FE162174C2DB008D2980 /* MyMessenger.xcdatamodeld in Sources */,
				4735FE252174C588008D2980 /* FriendsControllerHelper.swift in Sources */,
			);
			runOnlyForDeploymentPostprocessing = 0;
		};
/* End PBXSourcesBuildPhase section */

/* Begin PBXVariantGroup section */
		4735FE112174C2DB008D2980 /* Main.storyboard */ = {
			isa = PBXVariantGroup;
			children = (
				4735FE122174C2DB008D2980 /* Base */,
			);
			name = Main.storyboard;
			sourceTree = "<group>";
		};
		4735FE192174C2DD008D2980 /* LaunchScreen.storyboard */ = {
			isa = PBXVariantGroup;
			children = (
				4735FE1A2174C2DD008D2980 /* Base */,
			);
			name = LaunchScreen.storyboard;
			sourceTree = "<group>";
		};
/* End PBXVariantGroup section */

/* Begin XCBuildConfiguration section */
		4735FE1D2174C2DD008D2980 /* Debug */ = {
			isa = XCBuildConfiguration;
			buildSettings = {
				ALWAYS_SEARCH_USER_PATHS = NO;
				CLANG_ANALYZER_NONNULL = YES;
				CLANG_ANALYZER_NUMBER_OBJECT_CONVERSION = YES_AGGRESSIVE;
				CLANG_CXX_LANGUAGE_STANDARD = "gnu++14";
				CLANG_CXX_LIBRARY = "libc++";
				CLANG_ENABLE_MODULES = YES;
				CLANG_ENABLE_OBJC_ARC = YES;
				CLANG_ENABLE_OBJC_WEAK = YES;
				CLANG_WARN_BLOCK_CAPTURE_AUTORELEASING = YES;
				CLANG_WARN_BOOL_CONVERSION = YES;
				CLANG_WARN_COMMA = YES;
				CLANG_WARN_CONSTANT_CONVERSION = YES;
				CLANG_WARN_DEPRECATED_OBJC_IMPLEMENTATIONS = YES;
				CLANG_WARN_DIRECT_OBJC_ISA_USAGE = YES_ERROR;
				CLANG_WARN_DOCUMENTATION_COMMENTS = YES;
				CLANG_WARN_EMPTY_BODY = YES;
				CLANG_WARN_ENUM_CONVERSION = YES;
				CLANG_WARN_INFINITE_RECURSION = YES;
				CLANG_WARN_INT_CONVERSION = YES;
				CLANG_WARN_NON_LITERAL_NULL_CONVERSION = YES;
				CLANG_WARN_OBJC_IMPLICIT_RETAIN_SELF = YES;
				CLANG_WARN_OBJC_LITERAL_CONVERSION = YES;
				CLANG_WARN_OBJC_ROOT_CLASS = YES_ERROR;
				CLANG_WARN_RANGE_LOOP_ANALYSIS = YES;
				CLANG_WARN_STRICT_PROTOTYPES = YES;
				CLANG_WARN_SUSPICIOUS_MOVE = YES;
				CLANG_WARN_UNGUARDED_AVAILABILITY = YES_AGGRESSIVE;
				CLANG_WARN_UNREACHABLE_CODE = YES;
				CLANG_WARN__DUPLICATE_METHOD_MATCH = YES;
				CODE_SIGN_IDENTITY = "iPhone Developer";
				COPY_PHASE_STRIP = NO;
				DEBUG_INFORMATION_FORMAT = dwarf;
				ENABLE_STRICT_OBJC_MSGSEND = YES;
				ENABLE_TESTABILITY = YES;
				GCC_C_LANGUAGE_STANDARD = gnu11;
				GCC_DYNAMIC_NO_PIC = NO;
				GCC_NO_COMMON_BLOCKS = YES;
				GCC_OPTIMIZATION_LEVEL = 0;
				GCC_PREPROCESSOR_DEFINITIONS = (
					"DEBUG=1",
					"$(inherited)",
				);
				GCC_WARN_64_TO_32_BIT_CONVERSION = YES;
				GCC_WARN_ABOUT_RETURN_TYPE = YES_ERROR;
				GCC_WARN_UNDECLARED_SELECTOR = YES;
				GCC_WARN_UNINITIALIZED_AUTOS = YES_AGGRESSIVE;
				GCC_WARN_UNUSED_FUNCTION = YES;
				GCC_WARN_UNUSED_VARIABLE = YES;
				IPHONEOS_DEPLOYMENT_TARGET = 12.0;
				MTL_ENABLE_DEBUG_INFO = INCLUDE_SOURCE;
				MTL_FAST_MATH = YES;
				ONLY_ACTIVE_ARCH = YES;
				SDKROOT = iphoneos;
				SWIFT_ACTIVE_COMPILATION_CONDITIONS = DEBUG;
				SWIFT_OPTIMIZATION_LEVEL = "-Onone";
			};
			name = Debug;
		};
		4735FE1E2174C2DD008D2980 /* Release */ = {
			isa = XCBuildConfiguration;
			buildSettings = {
				ALWAYS_SEARCH_USER_PATHS = NO;
				CLANG_ANALYZER_NONNULL = YES;
				CLANG_ANALYZER_NUMBER_OBJECT_CONVERSION = YES_AGGRESSIVE;
				CLANG_CXX_LANGUAGE_STANDARD = "gnu++14";
				CLANG_CXX_LIBRARY = "libc++";
				CLANG_ENABLE_MODULES = YES;
				CLANG_ENABLE_OBJC_ARC = YES;
				CLANG_ENABLE_OBJC_WEAK = YES;
				CLANG_WARN_BLOCK_CAPTURE_AUTORELEASING = YES;
				CLANG_WARN_BOOL_CONVERSION = YES;
				CLANG_WARN_COMMA = YES;
				CLANG_WARN_CONSTANT_CONVERSION = YES;
				CLANG_WARN_DEPRECATED_OBJC_IMPLEMENTATIONS = YES;
				CLANG_WARN_DIRECT_OBJC_ISA_USAGE = YES_ERROR;
				CLANG_WARN_DOCUMENTATION_COMMENTS = YES;
				CLANG_WARN_EMPTY_BODY = YES;
				CLANG_WARN_ENUM_CONVERSION = YES;
				CLANG_WARN_INFINITE_RECURSION = YES;
				CLANG_WARN_INT_CONVERSION = YES;
				CLANG_WARN_NON_LITERAL_NULL_CONVERSION = YES;
				CLANG_WARN_OBJC_IMPLICIT_RETAIN_SELF = YES;
				CLANG_WARN_OBJC_LITERAL_CONVERSION = YES;
				CLANG_WARN_OBJC_ROOT_CLASS = YES_ERROR;
				CLANG_WARN_RANGE_LOOP_ANALYSIS = YES;
				CLANG_WARN_STRICT_PROTOTYPES = YES;
				CLANG_WARN_SUSPICIOUS_MOVE = YES;
				CLANG_WARN_UNGUARDED_AVAILABILITY = YES_AGGRESSIVE;
				CLANG_WARN_UNREACHABLE_CODE = YES;
				CLANG_WARN__DUPLICATE_METHOD_MATCH = YES;
				CODE_SIGN_IDENTITY = "iPhone Developer";
				COPY_PHASE_STRIP = NO;
				DEBUG_INFORMATION_FORMAT = "dwarf-with-dsym";
				ENABLE_NS_ASSERTIONS = NO;
				ENABLE_STRICT_OBJC_MSGSEND = YES;
				GCC_C_LANGUAGE_STANDARD = gnu11;
				GCC_NO_COMMON_BLOCKS = YES;
				GCC_WARN_64_TO_32_BIT_CONVERSION = YES;
				GCC_WARN_ABOUT_RETURN_TYPE = YES_ERROR;
				GCC_WARN_UNDECLARED_SELECTOR = YES;
				GCC_WARN_UNINITIALIZED_AUTOS = YES_AGGRESSIVE;
				GCC_WARN_UNUSED_FUNCTION = YES;
				GCC_WARN_UNUSED_VARIABLE = YES;
				IPHONEOS_DEPLOYMENT_TARGET = 12.0;
				MTL_ENABLE_DEBUG_INFO = NO;
				MTL_FAST_MATH = YES;
				SDKROOT = iphoneos;
				SWIFT_COMPILATION_MODE = wholemodule;
				SWIFT_OPTIMIZATION_LEVEL = "-O";
				VALIDATE_PRODUCT = YES;
			};
			name = Release;
		};
		4735FE202174C2DD008D2980 /* Debug */ = {
			isa = XCBuildConfiguration;
			buildSettings = {
				ASSETCATALOG_COMPILER_APPICON_NAME = AppIcon;
				CODE_SIGN_IDENTITY = "iPhone Developer";
				CODE_SIGN_STYLE = Automatic;
				DEVELOPMENT_TEAM = 7K6Z7HB495;
				INFOPLIST_FILE = MyMessenger/Info.plist;
				LD_RUNPATH_SEARCH_PATHS = (
					"$(inherited)",
					"@executable_path/Frameworks",
				);
				PRODUCT_BUNDLE_IDENTIFIER = com.manikanta.MyMessenger;
				PRODUCT_NAME = "$(TARGET_NAME)";
				PROVISIONING_PROFILE_SPECIFIER = "";
				SWIFT_VERSION = 4.2;
				TARGETED_DEVICE_FAMILY = "1,2";
			};
			name = Debug;
		};
		4735FE212174C2DD008D2980 /* Release */ = {
			isa = XCBuildConfiguration;
			buildSettings = {
				ASSETCATALOG_COMPILER_APPICON_NAME = AppIcon;
				CODE_SIGN_IDENTITY = "iPhone Developer";
				CODE_SIGN_STYLE = Automatic;
				DEVELOPMENT_TEAM = 7K6Z7HB495;
				INFOPLIST_FILE = MyMessenger/Info.plist;
				LD_RUNPATH_SEARCH_PATHS = (
					"$(inherited)",
					"@executable_path/Frameworks",
				);
				PRODUCT_BUNDLE_IDENTIFIER = com.manikanta.MyMessenger;
				PRODUCT_NAME = "$(TARGET_NAME)";
				PROVISIONING_PROFILE_SPECIFIER = "";
				SWIFT_VERSION = 4.2;
				TARGETED_DEVICE_FAMILY = "1,2";
			};
			name = Release;
		};
/* End XCBuildConfiguration section */

/* Begin XCConfigurationList section */
		4735FE052174C2DA008D2980 /* Build configuration list for PBXProject "MyMessenger" */ = {
			isa = XCConfigurationList;
			buildConfigurations = (
				4735FE1D2174C2DD008D2980 /* Debug */,
				4735FE1E2174C2DD008D2980 /* Release */,
			);
			defaultConfigurationIsVisible = 0;
			defaultConfigurationName = Release;
		};
		4735FE1F2174C2DD008D2980 /* Build configuration list for PBXNativeTarget "MyMessenger" */ = {
			isa = XCConfigurationList;
			buildConfigurations = (
				4735FE202174C2DD008D2980 /* Debug */,
				4735FE212174C2DD008D2980 /* Release */,
			);
			defaultConfigurationIsVisible = 0;
			defaultConfigurationName = Release;
		};
/* End XCConfigurationList section */

/* Begin XCVersionGroup section */
		4735FE142174C2DB008D2980 /* MyMessenger.xcdatamodeld */ = {
			isa = XCVersionGroup;
			children = (
				4735FE152174C2DB008D2980 /* MyMessenger.xcdatamodel */,
			);
			currentVersion = 4735FE152174C2DB008D2980 /* MyMessenger.xcdatamodel */;
			path = MyMessenger.xcdatamodeld;
			sourceTree = "<group>";
			versionGroupType = wrapper.xcdatamodel;
		};
/* End XCVersionGroup section */
	};
	rootObject = 4735FE022174C2DA008D2980 /* Project object */;
}
